
Microsoft Visual Studio Solution File, Format Version 12.00
# Visual Studio 15
VisualStudioVersion = 15.0.28307.421
MinimumVisualStudioVersion = 10.0.40219.1
Project("{9A19103F-16F7-4668-BE54-9A1E7A4F7556}") = "wk1301", "wk1301.csproj", "{AFD22E8C-4414-4810-8B54-AF2564C81876}"
EndProject
Global
	GlobalSection(SolutionConfigurationPlatforms) = preSolution
		Debug|Any CPU = Debug|Any CPU
		Release|Any CPU = Release|Any CPU
	EndGlobalSection
	GlobalSection(ProjectConfigurationPlatforms) = postSolution
		{AFD22E8C-4414-4810-8B54-AF2564C81876}.Debug|Any CPU.ActiveCfg = Debug|Any CPU
		{AFD22E8C-4414-4810-8B54-AF2564C81876}.Debug|Any CPU.Build.0 = Debug|Any CPU
		{AFD22E8C-4414-4810-8B54-AF2564C81876}.Release|Any CPU.ActiveCfg = Release|Any CPU
		{AFD22E8C-4414-4810-8B54-AF2564C81876}.Release|Any CPU.Build.0 = Release|Any CPU
	EndGlobalSection
	GlobalSection(SolutionProperties) = preSolution
		HideSolutionNode = FALSE
	EndGlobalSection
	GlobalSection(ExtensibilityGlobals) = postSolution
		SolutionGuid = {FBAC116F-08CD-47F8-9699-8A085C15CAB2}
	EndGlobalSection
EndGlobal
